
Microsoft Visual Studio Solution File, Format Version 12.00
# Visual Studio 15
VisualStudioVersion = 15.0.28010.2050
MinimumVisualStudioVersion = 10.0.40219.1
Project("{6EC3EE1D-3C4E-46DD-8F32-0CC8E7565705}") = "MlBoocamp2Fs", "MlBoocamp2Fs.fsproj", "{7AC04765-D8E9-4E9F-8894-0EBE41EDAA50}"
EndProject
Project("{9A19103F-16F7-4668-BE54-9A1E7A4F7556}") = "MlBoocamp2Cs", "MlBoocamp2Cs.csproj", "{5E6BF790-40BC-4CBD-8CE5-4AD5AC297C2C}"
EndProject
Global
	GlobalSection(SolutionConfigurationPlatforms) = preSolution
		Debug|Any CPU = Debug|Any CPU
		Release|Any CPU = Release|Any CPU
	EndGlobalSection
	GlobalSection(ProjectConfigurationPlatforms) = postSolution
		{7AC04765-D8E9-4E9F-8894-0EBE41EDAA50}.Debug|Any CPU.ActiveCfg = Debug|Any CPU
		{7AC04765-D8E9-4E9F-8894-0EBE41EDAA50}.Debug|Any CPU.Build.0 = Debug|Any CPU
		{7AC04765-D8E9-4E9F-8894-0EBE41EDAA50}.Release|Any CPU.ActiveCfg = Release|Any CPU
		{7AC04765-D8E9-4E9F-8894-0EBE41EDAA50}.Release|Any CPU.Build.0 = Release|Any CPU
		{5E6BF790-40BC-4CBD-8CE5-4AD5AC297C2C}.Debug|Any CPU.ActiveCfg = Debug|Any CPU
		{5E6BF790-40BC-4CBD-8CE5-4AD5AC297C2C}.Debug|Any CPU.Build.0 = Debug|Any CPU
		{5E6BF790-40BC-4CBD-8CE5-4AD5AC297C2C}.Release|Any CPU.ActiveCfg = Release|Any CPU
		{5E6BF790-40BC-4CBD-8CE5-4AD5AC297C2C}.Release|Any CPU.Build.0 = Release|Any CPU
	EndGlobalSection
	GlobalSection(SolutionProperties) = preSolution
		HideSolutionNode = FALSE
	EndGlobalSection
	GlobalSection(ExtensibilityGlobals) = postSolution
		SolutionGuid = {4231CB0B-A589-4C6F-9635-E509A50125C2}
	EndGlobalSection
EndGlobal
